// !$*UTF8*$!
{
	archiveVersion = 1;
	classes = {
	};
	objectVersion = 50;
	objects = {

/* Begin PBXBuildFile section */
		C09ED48026D95E7100027530 /* AppDelegate.swift in Sources */ = {isa = PBXBuildFile; fileRef = C09ED47F26D95E7100027530 /* AppDelegate.swift */; };
		C09ED48226D95E7100027530 /* SceneDelegate.swift in Sources */ = {isa = PBXBuildFile; fileRef = C09ED48126D95E7100027530 /* SceneDelegate.swift */; };
		C09ED48426D95E7100027530 /* ViewController.swift in Sources */ = {isa = PBXBuildFile; fileRef = C09ED48326D95E7100027530 /* ViewController.swift */; };
		C09ED48726D95E7100027530 /* Main.storyboard in Resources */ = {isa = PBXBuildFile; fileRef = C09ED48526D95E7100027530 /* Main.storyboard */; };
		C09ED48926D95E7300027530 /* Assets.xcassets in Resources */ = {isa = PBXBuildFile; fileRef = C09ED48826D95E7300027530 /* Assets.xcassets */; };
		C09ED48C26D95E7300027530 /* LaunchScreen.storyboard in Resources */ = {isa = PBXBuildFile; fileRef = C09ED48A26D95E7300027530 /* LaunchScreen.storyboard */; };
		C09ED49526DD65EB00027530 /* RecipeManager.swift in Sources */ = {isa = PBXBuildFile; fileRef = C09ED49426DD65EB00027530 /* RecipeManager.swift */; };
/* End PBXBuildFile section */

/* Begin PBXFileReference section */
		C09ED47C26D95E7100027530 /* FetchRecipe.app */ = {isa = PBXFileReference; explicitFileType = wrapper.application; includeInIndex = 0; path = FetchRecipe.app; sourceTree = BUILT_PRODUCTS_DIR; };
		C09ED47F26D95E7100027530 /* AppDelegate.swift */ = {isa = PBXFileReference; lastKnownFileType = sourcecode.swift; path = AppDelegate.swift; sourceTree = "<group>"; };
		C09ED48126D95E7100027530 /* SceneDelegate.swift */ = {isa = PBXFileReference; lastKnownFileType = sourcecode.swift; path = SceneDelegate.swift; sourceTree = "<group>"; };
		C09ED48326D95E7100027530 /* ViewController.swift */ = {isa = PBXFileReference; lastKnownFileType = sourcecode.swift; path = ViewController.swift; sourceTree = "<group>"; };
		C09ED48626D95E7100027530 /* Base */ = {isa = PBXFileReference; lastKnownFileType = file.storyboard; name = Base; path = Base.lproj/Main.storyboard; sourceTree = "<group>"; };
		C09ED48826D95E7300027530 /* Assets.xcassets */ = {isa = PBXFileReference; lastKnownFileType = folder.assetcatalog; path = Assets.xcassets; sourceTree = "<group>"; };
		C09ED48B26D95E7300027530 /* Base */ = {isa = PBXFileReference; lastKnownFileType = file.storyboard; name = Base; path = Base.lproj/LaunchScreen.storyboard; sourceTree = "<group>"; };
		C09ED48D26D95E7300027530 /* Info.plist */ = {isa = PBXFileReference; lastKnownFileType = text.plist.xml; path = Info.plist; sourceTree = "<group>"; };
		C09ED49426DD65EB00027530 /* RecipeManager.swift */ = {isa = PBXFileReference; lastKnownFileType = sourcecode.swift; path = RecipeManager.swift; sourceTree = "<group>"; };
/* End PBXFileReference section */

/* Begin PBXFrameworksBuildPhase section */
		C09ED47926D95E7100027530 /* Frameworks */ = {
			isa = PBXFrameworksBuildPhase;
			buildActionMask = 2147483647;
			files = (
			);
			runOnlyForDeploymentPostprocessing = 0;
		};
/* End PBXFrameworksBuildPhase section */

/* Begin PBXGroup section */
		C09ED47326D95E7100027530 = {
			isa = PBXGroup;
			children = (
				C09ED47E26D95E7100027530 /* FetchRecipe */,
				C09ED47D26D95E7100027530 /* Products */,
			);
			sourceTree = "<group>";
		};
		C09ED47D26D95E7100027530 /* Products */ = {
			isa = PBXGroup;
			children = (
				C09ED47C26D95E7100027530 /* FetchRecipe.app */,
			);
			name = Products;
			sourceTree = "<group>";
		};
		C09ED47E26D95E7100027530 /* FetchRecipe */ = {
			isa = PBXGroup;
			children = (
				C09ED47F26D95E7100027530 /* AppDelegate.swift */,
				C09ED48126D95E7100027530 /* SceneDelegate.swift */,
				C09ED49326DD65BF00027530 /* Models */,
				C09ED48326D95E7100027530 /* ViewController.swift */,
				C09ED48526D95E7100027530 /* Main.storyboard */,
				C09ED48826D95E7300027530 /* Assets.xcassets */,
				C09ED48A26D95E7300027530 /* LaunchScreen.storyboard */,
				C09ED48D26D95E7300027530 /* Info.plist */,
			);
			path = FetchRecipe;
			sourceTree = "<group>";
		};
		C09ED49326DD65BF00027530 /* Models */ = {
			isa = PBXGroup;
			children = (
				C09ED49426DD65EB00027530 /* RecipeManager.swift */,
			);
			path = Models;
			sourceTree = "<group>";
		};
/* End PBXGroup section */

/* Begin PBXNativeTarget section */
		C09ED47B26D95E7100027530 /* FetchRecipe */ = {
			isa = PBXNativeTarget;
			buildConfigurationList = C09ED49026D95E7300027530 /* Build configuration list for PBXNativeTarget "FetchRecipe" */;
			buildPhases = (
				C09ED47826D95E7100027530 /* Sources */,
				C09ED47926D95E7100027530 /* Frameworks */,
				C09ED47A26D95E7100027530 /* Resources */,
			);
			buildRules = (
			);
			dependencies = (
			);
			name = FetchRecipe;
			productName = FetchRecipe;
			productReference = C09ED47C26D95E7100027530 /* FetchRecipe.app */;
			productType = "com.apple.product-type.application";
		};
/* End PBXNativeTarget section */

/* Begin PBXProject section */
		C09ED47426D95E7100027530 /* Project object */ = {
			isa = PBXProject;
			attributes = {
				LastSwiftUpdateCheck = 1250;
				LastUpgradeCheck = 1250;
				TargetAttributes = {
					C09ED47B26D95E7100027530 = {
						CreatedOnToolsVersion = 12.5.1;
					};
				};
			};
			buildConfigurationList = C09ED47726D95E7100027530 /* Build configuration list for PBXProject "FetchRecipe" */;
			compatibilityVersion = "Xcode 9.3";
			developmentRegion = en;
			hasScannedForEncodings = 0;
			knownRegions = (
				en,
				Base,
			);
			mainGroup = C09ED47326D95E7100027530;
			productRefGroup = C09ED47D26D95E7100027530 /* Products */;
			projectDirPath = "";
			projectRoot = "";
			targets = (
				C09ED47B26D95E7100027530 /* FetchRecipe */,
			);
		};
/* End PBXProject section */

/* Begin PBXResourcesBuildPhase section */
		C09ED47A26D95E7100027530 /* Resources */ = {
			isa = PBXResourcesBuildPhase;
			buildActionMask = 2147483647;
			files = (
				C09ED48C26D95E7300027530 /* LaunchScreen.storyboard in Resources */,
				C09ED48926D95E7300027530 /* Assets.xcassets in Resources */,
				C09ED48726D95E7100027530 /* Main.storyboard in Resources */,
			);
			runOnlyForDeploymentPostprocessing = 0;
		};
/* End PBXResourcesBuildPhase section */

/* Begin PBXSourcesBuildPhase section */
		C09ED47826D95E7100027530 /* Sources */ = {
			isa = PBXSourcesBuildPhase;
			buildActionMask = 2147483647;
			files = (
				C09ED48426D95E7100027530 /* ViewController.swift in Sources */,
				C09ED49526DD65EB00027530 /* RecipeManager.swift in Sources */,
				C09ED48026D95E7100027530 /* AppDelegate.swift in Sources */,
				C09ED48226D95E7100027530 /* SceneDelegate.swift in Sources */,
			);
			runOnlyForDeploymentPostprocessing = 0;
		};
/* End PBXSourcesBuildPhase section */

/* Begin PBXVariantGroup section */
		C09ED48526D95E7100027530 /* Main.storyboard */ = {
			isa = PBXVariantGroup;
			children = (
				C09ED48626D95E7100027530 /* Base */,
			);
			name = Main.storyboard;
			sourceTree = "<group>";
		};
		C09ED48A26D95E7300027530 /* LaunchScreen.storyboard */ = {
			isa = PBXVariantGroup;
			children = (
				C09ED48B26D95E7300027530 /* Base */,
			);
			name = LaunchScreen.storyboard;
			sourceTree = "<group>";
		};
/* End PBXVariantGroup section */

/* Begin XCBuildConfiguration section */
		C09ED48E26D95E7300027530 /* Debug */ = {
			isa = XCBuildConfiguration;
			buildSettings = {
				ALWAYS_SEARCH_USER_PATHS = NO;
				CLANG_ANALYZER_NONNULL = YES;
				CLANG_ANALYZER_NUMBER_OBJECT_CONVERSION = YES_AGGRESSIVE;
				CLANG_CXX_LANGUAGE_STANDARD = "gnu++14";
				CLANG_CXX_LIBRARY = "libc++";
				CLANG_ENABLE_MODULES = YES;
				CLANG_ENABLE_OBJC_ARC = YES;
				CLANG_ENABLE_OBJC_WEAK = YES;
				CLANG_WARN_BLOCK_CAPTURE_AUTORELEASING = YES;
				CLANG_WARN_BOOL_CONVERSION = YES;
				CLANG_WARN_COMMA = YES;
				CLANG_WARN_CONSTANT_CONVERSION = YES;
				CLANG_WARN_DEPRECATED_OBJC_IMPLEMENTATIONS = YES;
				CLANG_WARN_DIRECT_OBJC_ISA_USAGE = YES_ERROR;
				CLANG_WARN_DOCUMENTATION_COMMENTS = YES;
				CLANG_WARN_EMPTY_BODY = YES;
				CLANG_WARN_ENUM_CONVERSION = YES;
				CLANG_WARN_INFINITE_RECURSION = YES;
				CLANG_WARN_INT_CONVERSION = YES;
				CLANG_WARN_NON_LITERAL_NULL_CONVERSION = YES;
				CLANG_WARN_OBJC_IMPLICIT_RETAIN_SELF = YES;
				CLANG_WARN_OBJC_LITERAL_CONVERSION = YES;
				CLANG_WARN_OBJC_ROOT_CLASS = YES_ERROR;
				CLANG_WARN_QUOTED_INCLUDE_IN_FRAMEWORK_HEADER = YES;
				CLANG_WARN_RANGE_LOOP_ANALYSIS = YES;
				CLANG_WARN_STRICT_PROTOTYPES = YES;
				CLANG_WARN_SUSPICIOUS_MOVE = YES;
				CLANG_WARN_UNGUARDED_AVAILABILITY = YES_AGGRESSIVE;
				CLANG_WARN_UNREACHABLE_CODE = YES;
				CLANG_WARN__DUPLICATE_METHOD_MATCH = YES;
				COPY_PHASE_STRIP = NO;
				DEBUG_INFORMATION_FORMAT = dwarf;
				ENABLE_STRICT_OBJC_MSGSEND = YES;
				ENABLE_TESTABILITY = YES;
				GCC_C_LANGUAGE_STANDARD = gnu11;
				GCC_DYNAMIC_NO_PIC = NO;
				GCC_NO_COMMON_BLOCKS = YES;
				GCC_OPTIMIZATION_LEVEL = 0;
				GCC_PREPROCESSOR_DEFINITIONS = (
					"DEBUG=1",
					"$(inherited)",
				);
				GCC_WARN_64_TO_32_BIT_CONVERSION = YES;
				GCC_WARN_ABOUT_RETURN_TYPE = YES_ERROR;
				GCC_WARN_UNDECLARED_SELECTOR = YES;
				GCC_WARN_UNINITIALIZED_AUTOS = YES_AGGRESSIVE;
				GCC_WARN_UNUSED_FUNCTION = YES;
				GCC_WARN_UNUSED_VARIABLE = YES;
				IPHONEOS_DEPLOYMENT_TARGET = 14.5;
				MTL_ENABLE_DEBUG_INFO = INCLUDE_SOURCE;
				MTL_FAST_MATH = YES;
				ONLY_ACTIVE_ARCH = YES;
				SDKROOT = iphoneos;
				SWIFT_ACTIVE_COMPILATION_CONDITIONS = DEBUG;
				SWIFT_OPTIMIZATION_LEVEL = "-Onone";
			};
			name = Debug;
		};
		C09ED48F26D95E7300027530 /* Release */ = {
			isa = XCBuildConfiguration;
			buildSettings = {
				ALWAYS_SEARCH_USER_PATHS = NO;
				CLANG_ANALYZER_NONNULL = YES;
				CLANG_ANALYZER_NUMBER_OBJECT_CONVERSION = YES_AGGRESSIVE;
				CLANG_CXX_LANGUAGE_STANDARD = "gnu++14";
				CLANG_CXX_LIBRARY = "libc++";
				CLANG_ENABLE_MODULES = YES;
				CLANG_ENABLE_OBJC_ARC = YES;
				CLANG_ENABLE_OBJC_WEAK = YES;
				CLANG_WARN_BLOCK_CAPTURE_AUTORELEASING = YES;
				CLANG_WARN_BOOL_CONVERSION = YES;
				CLANG_WARN_COMMA = YES;
				CLANG_WARN_CONSTANT_CONVERSION = YES;
				CLANG_WARN_DEPRECATED_OBJC_IMPLEMENTATIONS = YES;
				CLANG_WARN_DIRECT_OBJC_ISA_USAGE = YES_ERROR;
				CLANG_WARN_DOCUMENTATION_COMMENTS = YES;
				CLANG_WARN_EMPTY_BODY = YES;
				CLANG_WARN_ENUM_CONVERSION = YES;
				CLANG_WARN_INFINITE_RECURSION = YES;
				CLANG_WARN_INT_CONVERSION = YES;
				CLANG_WARN_NON_LITERAL_NULL_CONVERSION = YES;
				CLANG_WARN_OBJC_IMPLICIT_RETAIN_SELF = YES;
				CLANG_WARN_OBJC_LITERAL_CONVERSION = YES;
				CLANG_WARN_OBJC_ROOT_CLASS = YES_ERROR;
				CLANG_WARN_QUOTED_INCLUDE_IN_FRAMEWORK_HEADER = YES;
				CLANG_WARN_RANGE_LOOP_ANALYSIS = YES;
				CLANG_WARN_STRICT_PROTOTYPES = YES;
				CLANG_WARN_SUSPICIOUS_MOVE = YES;
				CLANG_WARN_UNGUARDED_AVAILABILITY = YES_AGGRESSIVE;
				CLANG_WARN_UNREACHABLE_CODE = YES;
				CLANG_WARN__DUPLICATE_METHOD_MATCH = YES;
				COPY_PHASE_STRIP = NO;
				DEBUG_INFORMATION_FORMAT = "dwarf-with-dsym";
				ENABLE_NS_ASSERTIONS = NO;
				ENABLE_STRICT_OBJC_MSGSEND = YES;
				GCC_C_LANGUAGE_STANDARD = gnu11;
				GCC_NO_COMMON_BLOCKS = YES;
				GCC_WARN_64_TO_32_BIT_CONVERSION = YES;
				GCC_WARN_ABOUT_RETURN_TYPE = YES_ERROR;
				GCC_WARN_UNDECLARED_SELECTOR = YES;
				GCC_WARN_UNINITIALIZED_AUTOS = YES_AGGRESSIVE;
				GCC_WARN_UNUSED_FUNCTION = YES;
				GCC_WARN_UNUSED_VARIABLE = YES;
				IPHONEOS_DEPLOYMENT_TARGET = 14.5;
				MTL_ENABLE_DEBUG_INFO = NO;
				MTL_FAST_MATH = YES;
				SDKROOT = iphoneos;
				SWIFT_COMPILATION_MODE = wholemodule;
				SWIFT_OPTIMIZATION_LEVEL = "-O";
				VALIDATE_PRODUCT = YES;
			};
			name = Release;
		};
		C09ED49126D95E7300027530 /* Debug */ = {
			isa = XCBuildConfiguration;
			buildSettings = {
				ASSETCATALOG_COMPILER_APPICON_NAME = AppIcon;
				ASSETCATALOG_COMPILER_GLOBAL_ACCENT_COLOR_NAME = AccentColor;
				CODE_SIGN_STYLE = Automatic;
				INFOPLIST_FILE = FetchRecipe/Info.plist;
				LD_RUNPATH_SEARCH_PATHS = (
					"$(inherited)",
					"@executable_path/Frameworks",
				);
				PRODUCT_BUNDLE_IDENTIFIER = com.brandenk.FetchRecipe;
				PRODUCT_NAME = "$(TARGET_NAME)";
				SWIFT_VERSION = 5.0;
				TARGETED_DEVICE_FAMILY = "1,2";
			};
			name = Debug;
		};
		C09ED49226D95E7300027530 /* Release */ = {
			isa = XCBuildConfiguration;
			buildSettings = {
				ASSETCATALOG_COMPILER_APPICON_NAME = AppIcon;
				ASSETCATALOG_COMPILER_GLOBAL_ACCENT_COLOR_NAME = AccentColor;
				CODE_SIGN_STYLE = Automatic;
				INFOPLIST_FILE = FetchRecipe/Info.plist;
				LD_RUNPATH_SEARCH_PATHS = (
					"$(inherited)",
					"@executable_path/Frameworks",
				);
				PRODUCT_BUNDLE_IDENTIFIER = com.brandenk.FetchRecipe;
				PRODUCT_NAME = "$(TARGET_NAME)";
				SWIFT_VERSION = 5.0;
				TARGETED_DEVICE_FAMILY = "1,2";
			};
			name = Release;
		};
/* End XCBuildConfiguration section */

/* Begin XCConfigurationList section */
		C09ED47726D95E7100027530 /* Build configuration list for PBXProject "FetchRecipe" */ = {
			isa = XCConfigurationList;
			buildConfigurations = (
				C09ED48E26D95E7300027530 /* Debug */,
				C09ED48F26D95E7300027530 /* Release */,
			);
			defaultConfigurationIsVisible = 0;
			defaultConfigurationName = Release;
		};
		C09ED49026D95E7300027530 /* Build configuration list for PBXNativeTarget "FetchRecipe" */ = {
			isa = XCConfigurationList;
			buildConfigurations = (
				C09ED49126D95E7300027530 /* Debug */,
				C09ED49226D95E7300027530 /* Release */,
			);
			defaultConfigurationIsVisible = 0;
			defaultConfigurationName = Release;
		};
/* End XCConfigurationList section */
	};
	rootObject = C09ED47426D95E7100027530 /* Project object */;
}
